[[dependencies]]
name = "forge-std"
version = "1.9.6"
url = "https://soldeer-revisions.s3.amazonaws.com/forge-std/1_9_6_01-02-2025_20:49:10_forge-std-1.9.zip"
checksum = "55f341818321b3f925161a72fd0dcd62e4a0a4b66785a7a932bf2bfaf96fb9d1"
integrity = "e9ecdc364d152157431e5df5aa041ffddbe9bb1c1ad81634b1e72df9e23814e8"

[[dependencies]]
name = "tnt-core"
version = "0.10.1"
url = "https://soldeer-revisions.s3.amazonaws.com/tnt-core/0_10_1_11-02-2026_14:25:51_tnt-core.zip"
checksum = "e4eb3b6264d42c5fc9a833ca6ba2b37122adc7988ad80aee88201baf76bc758e"
integrity = "4a3bff58b9991114ef060df4a7b0c2330c76cc919a3a15f4c905421061202377"
